
Microsoft Visual Studio Solution File, Format Version 12.00
# Visual Studio 2012
Project("{FAE04EC0-301F-11D3-BF4B-00C04F79EFBC}") = "Dapper", "Dapper\Dapper.csproj", "{9FB02A69-C917-472C-B415-7A50CA192247}"
EndProject
Project("{FAE04EC0-301F-11D3-BF4B-00C04F79EFBC}") = "DapperEx", "DapperEx\DapperEx.csproj", "{4458AD85-C0FA-4833-BE20-64CBE6C4DB05}"
EndProject
Project("{2150E333-8FDC-42A3-9474-1A3956D46DE8}") = "01.Common", "01.Common", "{43EECB00-5617-46F4-A4B8-9812F9B95076}"
EndProject
Project("{2150E333-8FDC-42A3-9474-1A3956D46DE8}") = "02.Entity", "02.Entity", "{280E512C-9AD6-4EA7-BB42-FA7AD7CB942E}"
EndProject
Project("{2150E333-8FDC-42A3-9474-1A3956D46DE8}") = "03.Dapper", "03.Dapper", "{9F14E2D6-357F-49C4-AE3A-F2E2AAE9EF26}"
EndProject
Project("{2150E333-8FDC-42A3-9474-1A3956D46DE8}") = "04.Web", "04.Web", "{9FECDAB9-FB29-4B3D-B852-9896433A103A}"
EndProject
Project("{2150E333-8FDC-42A3-9474-1A3956D46DE8}") = "05.WinForm", "05.WinForm", "{9DD4532D-291B-4CBC-BBD5-C3A4B013B652}"
EndProject
Project("{2150E333-8FDC-42A3-9474-1A3956D46DE8}") = "06.Test", "06.Test", "{D61D3534-4162-4E11-AA9A-94A126B86464}"
EndProject
Project("{FAE04EC0-301F-11D3-BF4B-00C04F79EFBC}") = "DapperExTest", "DapperExTest\DapperExTest.csproj", "{0E840386-7592-4683-BC87-9108E931AD1A}"
EndProject
Project("{FAE04EC0-301F-11D3-BF4B-00C04F79EFBC}") = "Web", "Web\Web.csproj", "{933CC85E-06AC-44B4-9D14-335191F697EB}"
EndProject
Project("{FAE04EC0-301F-11D3-BF4B-00C04F79EFBC}") = "DotNet.Utilities", "DotNet.Utilities\DotNet.Utilities.csproj", "{0A9704F9-7864-45AF-BFA7-E09F2B30A29F}"
EndProject
Project("{FAE04EC0-301F-11D3-BF4B-00C04F79EFBC}") = "Entity", "Entity\Entity.csproj", "{72EC3F96-9258-4BED-A5DE-1EE344358281}"
EndProject
Global
	GlobalSection(SolutionConfigurationPlatforms) = preSolution
		Debug|Any CPU = Debug|Any CPU
		Release|Any CPU = Release|Any CPU
	EndGlobalSection
	GlobalSection(ProjectConfigurationPlatforms) = postSolution
		{9FB02A69-C917-472C-B415-7A50CA192247}.Debug|Any CPU.ActiveCfg = Debug|Any CPU
		{9FB02A69-C917-472C-B415-7A50CA192247}.Debug|Any CPU.Build.0 = Debug|Any CPU
		{9FB02A69-C917-472C-B415-7A50CA192247}.Release|Any CPU.ActiveCfg = Release|Any CPU
		{9FB02A69-C917-472C-B415-7A50CA192247}.Release|Any CPU.Build.0 = Release|Any CPU
		{4458AD85-C0FA-4833-BE20-64CBE6C4DB05}.Debug|Any CPU.ActiveCfg = Debug|Any CPU
		{4458AD85-C0FA-4833-BE20-64CBE6C4DB05}.Debug|Any CPU.Build.0 = Debug|Any CPU
		{4458AD85-C0FA-4833-BE20-64CBE6C4DB05}.Release|Any CPU.ActiveCfg = Release|Any CPU
		{4458AD85-C0FA-4833-BE20-64CBE6C4DB05}.Release|Any CPU.Build.0 = Release|Any CPU
		{0E840386-7592-4683-BC87-9108E931AD1A}.Debug|Any CPU.ActiveCfg = Debug|Any CPU
		{0E840386-7592-4683-BC87-9108E931AD1A}.Debug|Any CPU.Build.0 = Debug|Any CPU
		{0E840386-7592-4683-BC87-9108E931AD1A}.Release|Any CPU.ActiveCfg = Release|Any CPU
		{0E840386-7592-4683-BC87-9108E931AD1A}.Release|Any CPU.Build.0 = Release|Any CPU
		{933CC85E-06AC-44B4-9D14-335191F697EB}.Debug|Any CPU.ActiveCfg = Debug|Any CPU
		{933CC85E-06AC-44B4-9D14-335191F697EB}.Debug|Any CPU.Build.0 = Debug|Any CPU
		{933CC85E-06AC-44B4-9D14-335191F697EB}.Release|Any CPU.ActiveCfg = Release|Any CPU
		{933CC85E-06AC-44B4-9D14-335191F697EB}.Release|Any CPU.Build.0 = Release|Any CPU
		{0A9704F9-7864-45AF-BFA7-E09F2B30A29F}.Debug|Any CPU.ActiveCfg = Debug|Any CPU
		{0A9704F9-7864-45AF-BFA7-E09F2B30A29F}.Debug|Any CPU.Build.0 = Debug|Any CPU
		{0A9704F9-7864-45AF-BFA7-E09F2B30A29F}.Release|Any CPU.ActiveCfg = Release|Any CPU
		{0A9704F9-7864-45AF-BFA7-E09F2B30A29F}.Release|Any CPU.Build.0 = Release|Any CPU
		{72EC3F96-9258-4BED-A5DE-1EE344358281}.Debug|Any CPU.ActiveCfg = Debug|Any CPU
		{72EC3F96-9258-4BED-A5DE-1EE344358281}.Debug|Any CPU.Build.0 = Debug|Any CPU
		{72EC3F96-9258-4BED-A5DE-1EE344358281}.Release|Any CPU.ActiveCfg = Release|Any CPU
		{72EC3F96-9258-4BED-A5DE-1EE344358281}.Release|Any CPU.Build.0 = Release|Any CPU
	EndGlobalSection
	GlobalSection(SolutionProperties) = preSolution
		HideSolutionNode = FALSE
	EndGlobalSection
	GlobalSection(NestedProjects) = preSolution
		{4458AD85-C0FA-4833-BE20-64CBE6C4DB05} = {9F14E2D6-357F-49C4-AE3A-F2E2AAE9EF26}
		{9FB02A69-C917-472C-B415-7A50CA192247} = {9F14E2D6-357F-49C4-AE3A-F2E2AAE9EF26}
		{0A9704F9-7864-45AF-BFA7-E09F2B30A29F} = {43EECB00-5617-46F4-A4B8-9812F9B95076}
		{72EC3F96-9258-4BED-A5DE-1EE344358281} = {280E512C-9AD6-4EA7-BB42-FA7AD7CB942E}
		{933CC85E-06AC-44B4-9D14-335191F697EB} = {9FECDAB9-FB29-4B3D-B852-9896433A103A}
		{0E840386-7592-4683-BC87-9108E931AD1A} = {D61D3534-4162-4E11-AA9A-94A126B86464}
	EndGlobalSection
EndGlobal
